# This file was autogenerated by Stack.
# You should not edit this file by hand.
# For more information, please see the documentation at:
#   https://docs.haskellstack.org/en/stable/lock_files

packages:
- completed:
    size: 38537
    url: https://github.com/dolla-consortium/base/archive/0af3d00168b9407dc98f4d01c2cc203b5e853335.tar.gz
    name: dolla-base
    version: 1.0.0
    sha256: a5c7ced78fc72d27205de8f7979d6d456d447f462d97cb769c14e6fe91cf074c
    pantry-tree:
      size: 4360
      sha256: 1d8c24a223b55a6954273d180efde177d0d1b4d7088b922b81bbb053333f012f
  original:
    url: https://github.com/dolla-consortium/base/archive/0af3d00168b9407dc98f4d01c2cc203b5e853335.tar.gz
- completed:
    hackage: streamly-fsnotify-1.1.1.0@sha256:f46070f8ccf57fa85dab594c0a43b6f46a5db0d5c935e87d3e01bc70cebd3eef,1072
    pantry-tree:
      size: 281
      sha256: a45f2bf29595eb355ef316d15b97d4ff6963a15d492f53f67f83a8f6e0f3a52a
  original:
    hackage: streamly-fsnotify-1.1.1.0@sha256:f46070f8ccf57fa85dab594c0a43b6f46a5db0d5c935e87d3e01bc70cebd3eef,1072
- completed:
    hackage: byline-0.3.2.1@sha256:7429f0aaa9efe2c7110c5882aca1310aaa11f1f552313e9a34188782228779ae,3637
    pantry-tree:
      size: 1326
      sha256: acbdefd0ba6c0f282e94d75f7eca699d4fbf5b8fc608a0b227879c6c3948b77c
  original:
    hackage: byline-0.3.2.1@sha256:7429f0aaa9efe2c7110c5882aca1310aaa11f1f552313e9a34188782228779ae,3637
- completed:
    hackage: either-5.0.1@sha256:ec9b644f35d38482cecc1eccbf711c2fc38422812140498203d89dc39a80a920,1909
    pantry-tree:
      size: 657
      sha256: ca249382db08f61d5f7e48aeed7389dca9f3fc4ef5bdfdfc92f0d2c3dde568f0
  original:
    hackage: either-5.0.1@sha256:ec9b644f35d38482cecc1eccbf711c2fc38422812140498203d89dc39a80a920,1909
- completed:
    hackage: terminfo-hs-0.2.1.1@sha256:c193c5333a18ad030c146c2282dd3828e670af344fbfdbcb681dbf6abd99ca1c,1629
    pantry-tree:
      size: 602
      sha256: 798e6dea1a4a006f2f3949dddb5bd3feb78e6347dd77c5ad97b2446b0060be82
  original:
    hackage: terminfo-hs-0.2.1.1@sha256:c193c5333a18ad030c146c2282dd3828e670af344fbfdbcb681dbf6abd99ca1c,1629
snapshots:
- completed:
    size: 531674
    url: https://raw.githubusercontent.com/commercialhaskell/stackage-snapshots/master/lts/16/2.yaml
    sha256: 4b08fb9338ca297de7ade8318f4be1216f14dff8c0426c001fb7886ee88cb84a
  original: lts-16.2
